
Microsoft Visual Studio Solution File, Format Version 12.00
# Visual Studio Version 16
VisualStudioVersion = 16.0.31424.327
MinimumVisualStudioVersion = 10.0.40219.1
Project("{FAE04EC0-301F-11D3-BF4B-00C04F79EFBC}") = "Banzai", "Banzai.csproj", "{32DB4CED-24D6-4CF2-94C6-9F59CC64D13B}"
EndProject
Global
	GlobalSection(SolutionConfigurationPlatforms) = preSolution
		Debug|Any CPU = Debug|Any CPU
		Release|Any CPU = Release|Any CPU
	EndGlobalSection
	GlobalSection(ProjectConfigurationPlatforms) = postSolution
		{32DB4CED-24D6-4CF2-94C6-9F59CC64D13B}.Debug|Any CPU.ActiveCfg = Debug|Any CPU
		{32DB4CED-24D6-4CF2-94C6-9F59CC64D13B}.Debug|Any CPU.Build.0 = Debug|Any CPU
		{32DB4CED-24D6-4CF2-94C6-9F59CC64D13B}.Release|Any CPU.ActiveCfg = Release|Any CPU
		{32DB4CED-24D6-4CF2-94C6-9F59CC64D13B}.Release|Any CPU.Build.0 = Release|Any CPU
	EndGlobalSection
	GlobalSection(SolutionProperties) = preSolution
		HideSolutionNode = FALSE
	EndGlobalSection
	GlobalSection(ExtensibilityGlobals) = postSolution
		SolutionGuid = {A7D09AB7-5F08-46A4-AA21-40FA329586F0}
	EndGlobalSection
EndGlobal
